
Microsoft Visual Studio Solution File, Format Version 12.00
# Visual Studio Version 17
VisualStudioVersion = 17.9.34728.123
MinimumVisualStudioVersion = 10.0.40219.1
Project("{FAE04EC0-301F-11D3-BF4B-00C04F79EFBC}") = "WebAPI", "WebAPI\WebAPI.csproj", "{613A1E65-E5FD-4806-82E4-020290EC9595}"
EndProject
Project("{FAE04EC0-301F-11D3-BF4B-00C04F79EFBC}") = "ClientLegerAPI", "ClientLegerAPI\ClientLegerAPI.csproj", "{B7EC7D82-8CB0-4988-9906-2757DC3480D6}"
EndProject
Project("{FAE04EC0-301F-11D3-BF4B-00C04F79EFBC}") = "ClientWPFApi", "ClientWPFApi\ClientWPFApi.csproj", "{75D97CD5-5A10-4976-B81E-1C7108766F90}"
EndProject
Global
	GlobalSection(SolutionConfigurationPlatforms) = preSolution
		Debug|Any CPU = Debug|Any CPU
		Release|Any CPU = Release|Any CPU
	EndGlobalSection
	GlobalSection(ProjectConfigurationPlatforms) = postSolution
		{613A1E65-E5FD-4806-82E4-020290EC9595}.Debug|Any CPU.ActiveCfg = Debug|Any CPU
		{613A1E65-E5FD-4806-82E4-020290EC9595}.Debug|Any CPU.Build.0 = Debug|Any CPU
		{613A1E65-E5FD-4806-82E4-020290EC9595}.Release|Any CPU.ActiveCfg = Release|Any CPU
		{613A1E65-E5FD-4806-82E4-020290EC9595}.Release|Any CPU.Build.0 = Release|Any CPU
		{B7EC7D82-8CB0-4988-9906-2757DC3480D6}.Debug|Any CPU.ActiveCfg = Debug|Any CPU
		{B7EC7D82-8CB0-4988-9906-2757DC3480D6}.Debug|Any CPU.Build.0 = Debug|Any CPU
		{B7EC7D82-8CB0-4988-9906-2757DC3480D6}.Release|Any CPU.ActiveCfg = Release|Any CPU
		{B7EC7D82-8CB0-4988-9906-2757DC3480D6}.Release|Any CPU.Build.0 = Release|Any CPU
		{75D97CD5-5A10-4976-B81E-1C7108766F90}.Debug|Any CPU.ActiveCfg = Debug|Any CPU
		{75D97CD5-5A10-4976-B81E-1C7108766F90}.Debug|Any CPU.Build.0 = Debug|Any CPU
		{75D97CD5-5A10-4976-B81E-1C7108766F90}.Release|Any CPU.ActiveCfg = Release|Any CPU
		{75D97CD5-5A10-4976-B81E-1C7108766F90}.Release|Any CPU.Build.0 = Release|Any CPU
	EndGlobalSection
	GlobalSection(SolutionProperties) = preSolution
		HideSolutionNode = FALSE
	EndGlobalSection
	GlobalSection(ExtensibilityGlobals) = postSolution
		SolutionGuid = {0253D418-AF76-48A0-BAE2-25A90FF8BB42}
	EndGlobalSection
EndGlobal
